// !$*UTF8*$!
{
	archiveVersion = 1;
	classes = {
	};
	objectVersion = 46;
	objects = {

/* Begin PBXBuildFile section */
		7575BF931EE3975200D1DD4B /* YYPlayingViewController.m in Sources */ = {isa = PBXBuildFile; fileRef = 7575BF921EE3975200D1DD4B /* YYPlayingViewController.m */; };
		7575BF9E1EE397A800D1DD4B /* AppDelegate.m in Sources */ = {isa = PBXBuildFile; fileRef = 7575BF951EE397A800D1DD4B /* AppDelegate.m */; };
		7575BF9F1EE397A800D1DD4B /* Assets.xcassets in Resources */ = {isa = PBXBuildFile; fileRef = 7575BF961EE397A800D1DD4B /* Assets.xcassets */; };
		7575BFA01EE397A800D1DD4B /* LaunchScreen.storyboard in Resources */ = {isa = PBXBuildFile; fileRef = 7575BF981EE397A800D1DD4B /* LaunchScreen.storyboard */; };
		7575BFA11EE397A800D1DD4B /* Main.storyboard in Resources */ = {isa = PBXBuildFile; fileRef = 7575BF9A1EE397A800D1DD4B /* Main.storyboard */; };
		7575BFA31EE397A800D1DD4B /* main.m in Sources */ = {isa = PBXBuildFile; fileRef = 7575BF9D1EE397A800D1DD4B /* main.m */; };
		7575BFA71EE3986B00D1DD4B /* Info.plist in Resources */ = {isa = PBXBuildFile; fileRef = 7575BFA61EE3986B00D1DD4B /* Info.plist */; };
		7575BFAA1EE398A600D1DD4B /* UIView+FrameAdjust.m in Sources */ = {isa = PBXBuildFile; fileRef = 7575BFA91EE398A600D1DD4B /* UIView+FrameAdjust.m */; };
		75C07E541EE30C4400FE6C3A /* _QQ__.xcdatamodeld in Sources */ = {isa = PBXBuildFile; fileRef = 75C07E521EE30C4400FE6C3A /* _QQ__.xcdatamodeld */; };
		75C07E641EE30C4400FE6C3A /* _QQ__Tests.m in Sources */ = {isa = PBXBuildFile; fileRef = 75C07E631EE30C4400FE6C3A /* _QQ__Tests.m */; };
		75C07E6F1EE30C4400FE6C3A /* _QQ__UITests.m in Sources */ = {isa = PBXBuildFile; fileRef = 75C07E6E1EE30C4400FE6C3A /* _QQ__UITests.m */; };
		75C07EAD1EE30DEC00FE6C3A /* bb@2x.jpg in Resources */ = {isa = PBXBuildFile; fileRef = 75C07E821EE30DEC00FE6C3A /* bb@2x.jpg */; };
		75C07EAE1EE30DEC00FE6C3A /* bb_icon@2x.jpg in Resources */ = {isa = PBXBuildFile; fileRef = 75C07E831EE30DEC00FE6C3A /* bb_icon@2x.jpg */; };
		75C07EAF1EE30DEC00FE6C3A /* dzq@2x.jpg in Resources */ = {isa = PBXBuildFile; fileRef = 75C07E841EE30DEC00FE6C3A /* dzq@2x.jpg */; };
		75C07EB01EE30DEC00FE6C3A /* dzq_icon@2x.jpg in Resources */ = {isa = PBXBuildFile; fileRef = 75C07E851EE30DEC00FE6C3A /* dzq_icon@2x.jpg */; };
		75C07EB11EE30DEC00FE6C3A /* eason@2x.jpg in Resources */ = {isa = PBXBuildFile; fileRef = 75C07E861EE30DEC00FE6C3A /* eason@2x.jpg */; };
		75C07EB21EE30DEC00FE6C3A /* eason_icon@2x.jpg in Resources */ = {isa = PBXBuildFile; fileRef = 75C07E871EE30DEC00FE6C3A /* eason_icon@2x.jpg */; };
		75C07EB31EE30DEC00FE6C3A /* jay@2x.jpg in Resources */ = {isa = PBXBuildFile; fileRef = 75C07E881EE30DEC00FE6C3A /* jay@2x.jpg */; };
		75C07EB41EE30DEC00FE6C3A /* jay_icon@2x.png in Resources */ = {isa = PBXBuildFile; fileRef = 75C07E891EE30DEC00FE6C3A /* jay_icon@2x.png */; };
		75C07EB51EE30DEC00FE6C3A /* jj@2x.jpg in Resources */ = {isa = PBXBuildFile; fileRef = 75C07E8A1EE30DEC00FE6C3A /* jj@2x.jpg */; };
		75C07EB61EE30DEC00FE6C3A /* jj_icon@2x.png in Resources */ = {isa = PBXBuildFile; fileRef = 75C07E8B1EE30DEC00FE6C3A /* jj_icon@2x.png */; };
		75C07EB71EE30DEC00FE6C3A /* kzxd@2x.jpg in Resources */ = {isa = PBXBuildFile; fileRef = 75C07E8C1EE30DEC00FE6C3A /* kzxd@2x.jpg */; };
		75C07EB81EE30DEC00FE6C3A /* kzxd_icon@2x.jpg in Resources */ = {isa = PBXBuildFile; fileRef = 75C07E8D1EE30DEC00FE6C3A /* kzxd_icon@2x.jpg */; };
		75C07EB91EE30DEC00FE6C3A /* lkq@2x.jpg in Resources */ = {isa = PBXBuildFile; fileRef = 75C07E8E1EE30DEC00FE6C3A /* lkq@2x.jpg */; };
		75C07EBA1EE30DEC00FE6C3A /* lkq_icon@2x.jpg in Resources */ = {isa = PBXBuildFile; fileRef = 75C07E8F1EE30DEC00FE6C3A /* lkq_icon@2x.jpg */; };
		75C07EBB1EE30DEC00FE6C3A /* nanquan@2x.jpg in Resources */ = {isa = PBXBuildFile; fileRef = 75C07E901EE30DEC00FE6C3A /* nanquan@2x.jpg */; };
		75C07EBC1EE30DEC00FE6C3A /* nanquan_icon@2x.jpg in Resources */ = {isa = PBXBuildFile; fileRef = 75C07E911EE30DEC00FE6C3A /* nanquan_icon@2x.jpg */; };
		75C07EBD1EE30DEC00FE6C3A /* wf@2x.jpg in Resources */ = {isa = PBXBuildFile; fileRef = 75C07E921EE30DEC00FE6C3A /* wf@2x.jpg */; };
		75C07EBE1EE30DEC00FE6C3A /* wf_icon@2x.jpg in Resources */ = {isa = PBXBuildFile; fileRef = 75C07E931EE30DEC00FE6C3A /* wf_icon@2x.jpg */; };
		75C07EBF1EE30DEC00FE6C3A /* zxy@2x.jpg in Resources */ = {isa = PBXBuildFile; fileRef = 75C07E941EE30DEC00FE6C3A /* zxy@2x.jpg */; };
		75C07EC01EE30DEC00FE6C3A /* zxy_icon@2x.jpg in Resources */ = {isa = PBXBuildFile; fileRef = 75C07E951EE30DEC00FE6C3A /* zxy_icon@2x.jpg */; };
		75C07EC11EE30DEC00FE6C3A /* 10405520.lrc in Resources */ = {isa = PBXBuildFile; fileRef = 75C07E971EE30DEC00FE6C3A /* 10405520.lrc */; };
		75C07EC21EE30DEC00FE6C3A /* 10736444.lrc in Resources */ = {isa = PBXBuildFile; fileRef = 75C07E981EE30DEC00FE6C3A /* 10736444.lrc */; };
		75C07EC31EE30DEC00FE6C3A /* 120125029.lrc in Resources */ = {isa = PBXBuildFile; fileRef = 75C07E991EE30DEC00FE6C3A /* 120125029.lrc */; };
		75C07EC41EE30DEC00FE6C3A /* 12309111.lrc in Resources */ = {isa = PBXBuildFile; fileRef = 75C07E9A1EE30DEC00FE6C3A /* 12309111.lrc */; };
		75C07EC51EE30DEC00FE6C3A /* 14945107.lrc in Resources */ = {isa = PBXBuildFile; fileRef = 75C07E9B1EE30DEC00FE6C3A /* 14945107.lrc */; };
		75C07EC61EE30DEC00FE6C3A /* 235319.lrc in Resources */ = {isa = PBXBuildFile; fileRef = 75C07E9C1EE30DEC00FE6C3A /* 235319.lrc */; };
		75C07EC71EE30DEC00FE6C3A /* 255319.lrc in Resources */ = {isa = PBXBuildFile; fileRef = 75C07E9D1EE30DEC00FE6C3A /* 255319.lrc */; };
		75C07EC81EE30DEC00FE6C3A /* 309769.lrc in Resources */ = {isa = PBXBuildFile; fileRef = 75C07E9E1EE30DEC00FE6C3A /* 309769.lrc */; };
		75C07EC91EE30DEC00FE6C3A /* 339744.lrc in Resources */ = {isa = PBXBuildFile; fileRef = 75C07E9F1EE30DEC00FE6C3A /* 339744.lrc */; };
		75C07ECA1EE30DEC00FE6C3A /* 月半小夜曲.lrc in Resources */ = {isa = PBXBuildFile; fileRef = 75C07EA01EE30DEC00FE6C3A /* 月半小夜曲.lrc */; };
		75C07ECB1EE30DEC00FE6C3A /* 10405520.mp3 in Resources */ = {isa = PBXBuildFile; fileRef = 75C07EA21EE30DEC00FE6C3A /* 10405520.mp3 */; };
		75C07ECC1EE30DEC00FE6C3A /* 10736444.mp3 in Resources */ = {isa = PBXBuildFile; fileRef = 75C07EA31EE30DEC00FE6C3A /* 10736444.mp3 */; };
		75C07ECD1EE30DEC00FE6C3A /* 1201111234.mp3 in Resources */ = {isa = PBXBuildFile; fileRef = 75C07EA41EE30DEC00FE6C3A /* 1201111234.mp3 */; };
		75C07ECE1EE30DEC00FE6C3A /* 120125029.mp3 in Resources */ = {isa = PBXBuildFile; fileRef = 75C07EA51EE30DEC00FE6C3A /* 120125029.mp3 */; };
		75C07ECF1EE30DEC00FE6C3A /* 12309111.mp3 in Resources */ = {isa = PBXBuildFile; fileRef = 75C07EA61EE30DEC00FE6C3A /* 12309111.mp3 */; };
		75C07ED01EE30DEC00FE6C3A /* 14945107.mp3 in Resources */ = {isa = PBXBuildFile; fileRef = 75C07EA71EE30DEC00FE6C3A /* 14945107.mp3 */; };
		75C07ED11EE30DEC00FE6C3A /* 235319.mp3 in Resources */ = {isa = PBXBuildFile; fileRef = 75C07EA81EE30DEC00FE6C3A /* 235319.mp3 */; };
		75C07ED21EE30DEC00FE6C3A /* 255319.mp3 in Resources */ = {isa = PBXBuildFile; fileRef = 75C07EA91EE30DEC00FE6C3A /* 255319.mp3 */; };
		75C07ED31EE30DEC00FE6C3A /* 309769.mp3 in Resources */ = {isa = PBXBuildFile; fileRef = 75C07EAA1EE30DEC00FE6C3A /* 309769.mp3 */; };
		75C07ED41EE30DEC00FE6C3A /* 339744.mp3 in Resources */ = {isa = PBXBuildFile; fileRef = 75C07EAB1EE30DEC00FE6C3A /* 339744.mp3 */; };
		75C07ED51EE30DEC00FE6C3A /* Musics.plist in Resources */ = {isa = PBXBuildFile; fileRef = 75C07EAC1EE30DEC00FE6C3A /* Musics.plist */; };
/* End PBXBuildFile section */

/* Begin PBXContainerItemProxy section */
		75C07E601EE30C4400FE6C3A /* PBXContainerItemProxy */ = {
			isa = PBXContainerItemProxy;
			containerPortal = 75C07E3B1EE30C4400FE6C3A /* Project object */;
			proxyType = 1;
			remoteGlobalIDString = 75C07E421EE30C4400FE6C3A;
			remoteInfo = "仿QQ音乐";
		};
		75C07E6B1EE30C4400FE6C3A /* PBXContainerItemProxy */ = {
			isa = PBXContainerItemProxy;
			containerPortal = 75C07E3B1EE30C4400FE6C3A /* Project object */;
			proxyType = 1;
			remoteGlobalIDString = 75C07E421EE30C4400FE6C3A;
			remoteInfo = "仿QQ音乐";
		};
/* End PBXContainerItemProxy section */

/* Begin PBXFileReference section */
		7575BF911EE3975200D1DD4B /* YYPlayingViewController.h */ = {isa = PBXFileReference; fileEncoding = 4; lastKnownFileType = sourcecode.c.h; path = YYPlayingViewController.h; sourceTree = "<group>"; };
		7575BF921EE3975200D1DD4B /* YYPlayingViewController.m */ = {isa = PBXFileReference; fileEncoding = 4; lastKnownFileType = sourcecode.c.objc; path = YYPlayingViewController.m; sourceTree = "<group>"; };
		7575BF941EE397A800D1DD4B /* AppDelegate.h */ = {isa = PBXFileReference; fileEncoding = 4; lastKnownFileType = sourcecode.c.h; path = AppDelegate.h; sourceTree = "<group>"; };
		7575BF951EE397A800D1DD4B /* AppDelegate.m */ = {isa = PBXFileReference; fileEncoding = 4; lastKnownFileType = sourcecode.c.objc; path = AppDelegate.m; sourceTree = "<group>"; };
		7575BF961EE397A800D1DD4B /* Assets.xcassets */ = {isa = PBXFileReference; lastKnownFileType = folder.assetcatalog; path = Assets.xcassets; sourceTree = "<group>"; };
		7575BF991EE397A800D1DD4B /* Base */ = {isa = PBXFileReference; lastKnownFileType = file.storyboard; name = Base; path = LaunchScreen.storyboard; sourceTree = "<group>"; };
		7575BF9B1EE397A800D1DD4B /* Base */ = {isa = PBXFileReference; lastKnownFileType = file.storyboard; name = Base; path = Main.storyboard; sourceTree = "<group>"; };
		7575BF9D1EE397A800D1DD4B /* main.m */ = {isa = PBXFileReference; fileEncoding = 4; lastKnownFileType = sourcecode.c.objc; path = main.m; sourceTree = "<group>"; };
		7575BFA61EE3986B00D1DD4B /* Info.plist */ = {isa = PBXFileReference; fileEncoding = 4; lastKnownFileType = text.plist.xml; path = Info.plist; sourceTree = "<group>"; };
		7575BFA81EE398A600D1DD4B /* UIView+FrameAdjust.h */ = {isa = PBXFileReference; fileEncoding = 4; lastKnownFileType = sourcecode.c.h; path = "UIView+FrameAdjust.h"; sourceTree = "<group>"; };
		7575BFA91EE398A600D1DD4B /* UIView+FrameAdjust.m */ = {isa = PBXFileReference; fileEncoding = 4; lastKnownFileType = sourcecode.c.objc; path = "UIView+FrameAdjust.m"; sourceTree = "<group>"; };
		75C07E431EE30C4400FE6C3A /* 仿QQ音乐.app */ = {isa = PBXFileReference; explicitFileType = wrapper.application; includeInIndex = 0; path = "仿QQ音乐.app"; sourceTree = BUILT_PRODUCTS_DIR; };
		75C07E531EE30C4400FE6C3A /* _QQ__.xcdatamodel */ = {isa = PBXFileReference; lastKnownFileType = wrapper.xcdatamodel; path = _QQ__.xcdatamodel; sourceTree = "<group>"; };
		75C07E5F1EE30C4400FE6C3A /* 仿QQ音乐Tests.xctest */ = {isa = PBXFileReference; explicitFileType = wrapper.cfbundle; includeInIndex = 0; path = "仿QQ音乐Tests.xctest"; sourceTree = BUILT_PRODUCTS_DIR; };
		75C07E631EE30C4400FE6C3A /* _QQ__Tests.m */ = {isa = PBXFileReference; lastKnownFileType = sourcecode.c.objc; path = _QQ__Tests.m; sourceTree = "<group>"; };
		75C07E651EE30C4400FE6C3A /* Info.plist */ = {isa = PBXFileReference; lastKnownFileType = text.plist.xml; path = Info.plist; sourceTree = "<group>"; };
		75C07E6A1EE30C4400FE6C3A /* 仿QQ音乐UITests.xctest */ = {isa = PBXFileReference; explicitFileType = wrapper.cfbundle; includeInIndex = 0; path = "仿QQ音乐UITests.xctest"; sourceTree = BUILT_PRODUCTS_DIR; };
		75C07E6E1EE30C4400FE6C3A /* _QQ__UITests.m */ = {isa = PBXFileReference; lastKnownFileType = sourcecode.c.objc; path = _QQ__UITests.m; sourceTree = "<group>"; };
		75C07E701EE30C4400FE6C3A /* Info.plist */ = {isa = PBXFileReference; lastKnownFileType = text.plist.xml; path = Info.plist; sourceTree = "<group>"; };
		75C07E821EE30DEC00FE6C3A /* bb@2x.jpg */ = {isa = PBXFileReference; lastKnownFileType = image.jpeg; path = "bb@2x.jpg"; sourceTree = "<group>"; };
		75C07E831EE30DEC00FE6C3A /* bb_icon@2x.jpg */ = {isa = PBXFileReference; lastKnownFileType = image.jpeg; path = "bb_icon@2x.jpg"; sourceTree = "<group>"; };
		75C07E841EE30DEC00FE6C3A /* dzq@2x.jpg */ = {isa = PBXFileReference; lastKnownFileType = image.jpeg; path = "dzq@2x.jpg"; sourceTree = "<group>"; };
		75C07E851EE30DEC00FE6C3A /* dzq_icon@2x.jpg */ = {isa = PBXFileReference; lastKnownFileType = image.jpeg; path = "dzq_icon@2x.jpg"; sourceTree = "<group>"; };
		75C07E861EE30DEC00FE6C3A /* eason@2x.jpg */ = {isa = PBXFileReference; lastKnownFileType = image.jpeg; path = "eason@2x.jpg"; sourceTree = "<group>"; };
		75C07E871EE30DEC00FE6C3A /* eason_icon@2x.jpg */ = {isa = PBXFileReference; lastKnownFileType = image.jpeg; path = "eason_icon@2x.jpg"; sourceTree = "<group>"; };
		75C07E881EE30DEC00FE6C3A /* jay@2x.jpg */ = {isa = PBXFileReference; lastKnownFileType = image.jpeg; path = "jay@2x.jpg"; sourceTree = "<group>"; };
		75C07E891EE30DEC00FE6C3A /* jay_icon@2x.png */ = {isa = PBXFileReference; lastKnownFileType = image.png; path = "jay_icon@2x.png"; sourceTree = "<group>"; };
		75C07E8A1EE30DEC00FE6C3A /* jj@2x.jpg */ = {isa = PBXFileReference; lastKnownFileType = image.jpeg; path = "jj@2x.jpg"; sourceTree = "<group>"; };
		75C07E8B1EE30DEC00FE6C3A /* jj_icon@2x.png */ = {isa = PBXFileReference; lastKnownFileType = image.png; path = "jj_icon@2x.png"; sourceTree = "<group>"; };
		75C07E8C1EE30DEC00FE6C3A /* kzxd@2x.jpg */ = {isa = PBXFileReference; lastKnownFileType = image.jpeg; path = "kzxd@2x.jpg"; sourceTree = "<group>"; };
		75C07E8D1EE30DEC00FE6C3A /* kzxd_icon@2x.jpg */ = {isa = PBXFileReference; lastKnownFileType = image.jpeg; path = "kzxd_icon@2x.jpg"; sourceTree = "<group>"; };
		75C07E8E1EE30DEC00FE6C3A /* lkq@2x.jpg */ = {isa = PBXFileReference; lastKnownFileType = image.jpeg; path = "lkq@2x.jpg"; sourceTree = "<group>"; };
		75C07E8F1EE30DEC00FE6C3A /* lkq_icon@2x.jpg */ = {isa = PBXFileReference; lastKnownFileType = image.jpeg; path = "lkq_icon@2x.jpg"; sourceTree = "<group>"; };
		75C07E901EE30DEC00FE6C3A /* nanquan@2x.jpg */ = {isa = PBXFileReference; lastKnownFileType = image.jpeg; path = "nanquan@2x.jpg"; sourceTree = "<group>"; };
		75C07E911EE30DEC00FE6C3A /* nanquan_icon@2x.jpg */ = {isa = PBXFileReference; lastKnownFileType = image.jpeg; path = "nanquan_icon@2x.jpg"; sourceTree = "<group>"; };
		75C07E921EE30DEC00FE6C3A /* wf@2x.jpg */ = {isa = PBXFileReference; lastKnownFileType = image.jpeg; path = "wf@2x.jpg"; sourceTree = "<group>"; };
		75C07E931EE30DEC00FE6C3A /* wf_icon@2x.jpg */ = {isa = PBXFileReference; lastKnownFileType = image.jpeg; path = "wf_icon@2x.jpg"; sourceTree = "<group>"; };
		75C07E941EE30DEC00FE6C3A /* zxy@2x.jpg */ = {isa = PBXFileReference; lastKnownFileType = image.jpeg; path = "zxy@2x.jpg"; sourceTree = "<group>"; };
		75C07E951EE30DEC00FE6C3A /* zxy_icon@2x.jpg */ = {isa = PBXFileReference; lastKnownFileType = image.jpeg; path = "zxy_icon@2x.jpg"; sourceTree = "<group>"; };
		75C07E971EE30DEC00FE6C3A /* 10405520.lrc */ = {isa = PBXFileReference; fileEncoding = 4; lastKnownFileType = text; path = 10405520.lrc; sourceTree = "<group>"; };
		75C07E981EE30DEC00FE6C3A /* 10736444.lrc */ = {isa = PBXFileReference; fileEncoding = 4; lastKnownFileType = text; path = 10736444.lrc; sourceTree = "<group>"; };
		75C07E991EE30DEC00FE6C3A /* 120125029.lrc */ = {isa = PBXFileReference; fileEncoding = 4; lastKnownFileType = text; path = 120125029.lrc; sourceTree = "<group>"; };
		75C07E9A1EE30DEC00FE6C3A /* 12309111.lrc */ = {isa = PBXFileReference; fileEncoding = 4; lastKnownFileType = text; path = 12309111.lrc; sourceTree = "<group>"; };
		75C07E9B1EE30DEC00FE6C3A /* 14945107.lrc */ = {isa = PBXFileReference; fileEncoding = 4; lastKnownFileType = text; path = 14945107.lrc; sourceTree = "<group>"; };
		75C07E9C1EE30DEC00FE6C3A /* 235319.lrc */ = {isa = PBXFileReference; fileEncoding = 4; lastKnownFileType = text; path = 235319.lrc; sourceTree = "<group>"; };
		75C07E9D1EE30DEC00FE6C3A /* 255319.lrc */ = {isa = PBXFileReference; fileEncoding = 4; lastKnownFileType = text; path = 255319.lrc; sourceTree = "<group>"; };
		75C07E9E1EE30DEC00FE6C3A /* 309769.lrc */ = {isa = PBXFileReference; fileEncoding = 4; lastKnownFileType = text; path = 309769.lrc; sourceTree = "<group>"; };
		75C07E9F1EE30DEC00FE6C3A /* 339744.lrc */ = {isa = PBXFileReference; fileEncoding = 4; lastKnownFileType = text; path = 339744.lrc; sourceTree = "<group>"; };
		75C07EA01EE30DEC00FE6C3A /* 月半小夜曲.lrc */ = {isa = PBXFileReference; fileEncoding = 4; lastKnownFileType = text; path = "月半小夜曲.lrc"; sourceTree = "<group>"; };
		75C07EA21EE30DEC00FE6C3A /* 10405520.mp3 */ = {isa = PBXFileReference; lastKnownFileType = audio.mp3; path = 10405520.mp3; sourceTree = "<group>"; };
		75C07EA31EE30DEC00FE6C3A /* 10736444.mp3 */ = {isa = PBXFileReference; lastKnownFileType = audio.mp3; path = 10736444.mp3; sourceTree = "<group>"; };
		75C07EA41EE30DEC00FE6C3A /* 1201111234.mp3 */ = {isa = PBXFileReference; lastKnownFileType = audio.mp3; path = 1201111234.mp3; sourceTree = "<group>"; };
		75C07EA51EE30DEC00FE6C3A /* 120125029.mp3 */ = {isa = PBXFileReference; lastKnownFileType = audio.mp3; path = 120125029.mp3; sourceTree = "<group>"; };
		75C07EA61EE30DEC00FE6C3A /* 12309111.mp3 */ = {isa = PBXFileReference; lastKnownFileType = audio.mp3; path = 12309111.mp3; sourceTree = "<group>"; };
		75C07EA71EE30DEC00FE6C3A /* 14945107.mp3 */ = {isa = PBXFileReference; lastKnownFileType = audio.mp3; path = 14945107.mp3; sourceTree = "<group>"; };
		75C07EA81EE30DEC00FE6C3A /* 235319.mp3 */ = {isa = PBXFileReference; lastKnownFileType = audio.mp3; path = 235319.mp3; sourceTree = "<group>"; };
		75C07EA91EE30DEC00FE6C3A /* 255319.mp3 */ = {isa = PBXFileReference; lastKnownFileType = audio.mp3; path = 255319.mp3; sourceTree = "<group>"; };
		75C07EAA1EE30DEC00FE6C3A /* 309769.mp3 */ = {isa = PBXFileReference; lastKnownFileType = audio.mp3; path = 309769.mp3; sourceTree = "<group>"; };
		75C07EAB1EE30DEC00FE6C3A /* 339744.mp3 */ = {isa = PBXFileReference; lastKnownFileType = audio.mp3; path = 339744.mp3; sourceTree = "<group>"; };
		75C07EAC1EE30DEC00FE6C3A /* Musics.plist */ = {isa = PBXFileReference; fileEncoding = 4; lastKnownFileType = text.plist.xml; path = Musics.plist; sourceTree = "<group>"; };
/* End PBXFileReference section */

/* Begin PBXFrameworksBuildPhase section */
		75C07E401EE30C4400FE6C3A /* Frameworks */ = {
			isa = PBXFrameworksBuildPhase;
			buildActionMask = 2147483647;
			files = (
			);
			runOnlyForDeploymentPostprocessing = 0;
		};
		75C07E5C1EE30C4400FE6C3A /* Frameworks */ = {
			isa = PBXFrameworksBuildPhase;
			buildActionMask = 2147483647;
			files = (
			);
			runOnlyForDeploymentPostprocessing = 0;
		};
		75C07E671EE30C4400FE6C3A /* Frameworks */ = {
			isa = PBXFrameworksBuildPhase;
			buildActionMask = 2147483647;
			files = (
			);
			runOnlyForDeploymentPostprocessing = 0;
		};
/* End PBXFrameworksBuildPhase section */

/* Begin PBXGroup section */
		7575BF8A1EE3972600D1DD4B /* Classes */ = {
			isa = PBXGroup;
			children = (
				7575BF8B1EE3972600D1DD4B /* Controller */,
				7575BF8C1EE3972600D1DD4B /* Model */,
				7575BF8D1EE3972600D1DD4B /* Other */,
				7575BF8F1EE3972600D1DD4B /* Tool */,
				7575BF901EE3972600D1DD4B /* View */,
			);
			path = Classes;
			sourceTree = "<group>";
		};
		7575BF8B1EE3972600D1DD4B /* Controller */ = {
			isa = PBXGroup;
			children = (
				7575BF911EE3975200D1DD4B /* YYPlayingViewController.h */,
				7575BF921EE3975200D1DD4B /* YYPlayingViewController.m */,
			);
			path = Controller;
			sourceTree = "<group>";
		};
		7575BF8C1EE3972600D1DD4B /* Model */ = {
			isa = PBXGroup;
			children = (
			);
			path = Model;
			sourceTree = "<group>";
		};
		7575BF8D1EE3972600D1DD4B /* Other */ = {
			isa = PBXGroup;
			children = (
				7575BF941EE397A800D1DD4B /* AppDelegate.h */,
				7575BF951EE397A800D1DD4B /* AppDelegate.m */,
				7575BF961EE397A800D1DD4B /* Assets.xcassets */,
				7575BF971EE397A800D1DD4B /* Base.lproj */,
				7575BF9D1EE397A800D1DD4B /* main.m */,
				7575BF8E1EE3972600D1DD4B /* Category */,
			);
			path = Other;
			sourceTree = "<group>";
		};
		7575BF8E1EE3972600D1DD4B /* Category */ = {
			isa = PBXGroup;
			children = (
			);
			path = Category;
			sourceTree = "<group>";
		};
		7575BF8F1EE3972600D1DD4B /* Tool */ = {
			isa = PBXGroup;
			children = (
				7575BFA81EE398A600D1DD4B /* UIView+FrameAdjust.h */,
				7575BFA91EE398A600D1DD4B /* UIView+FrameAdjust.m */,
			);
			path = Tool;
			sourceTree = "<group>";
		};
		7575BF901EE3972600D1DD4B /* View */ = {
			isa = PBXGroup;
			children = (
			);
			path = View;
			sourceTree = "<group>";
		};
		7575BF971EE397A800D1DD4B /* Base.lproj */ = {
			isa = PBXGroup;
			children = (
				7575BF981EE397A800D1DD4B /* LaunchScreen.storyboard */,
				7575BF9A1EE397A800D1DD4B /* Main.storyboard */,
			);
			path = Base.lproj;
			sourceTree = "<group>";
		};
		75C07E3A1EE30C4400FE6C3A = {
			isa = PBXGroup;
			children = (
				75C07E451EE30C4400FE6C3A /* 仿QQ音乐 */,
				75C07E621EE30C4400FE6C3A /* 仿QQ音乐Tests */,
				75C07E6D1EE30C4400FE6C3A /* 仿QQ音乐UITests */,
				75C07E441EE30C4400FE6C3A /* Products */,
			);
			sourceTree = "<group>";
		};
		75C07E441EE30C4400FE6C3A /* Products */ = {
			isa = PBXGroup;
			children = (
				75C07E431EE30C4400FE6C3A /* 仿QQ音乐.app */,
				75C07E5F1EE30C4400FE6C3A /* 仿QQ音乐Tests.xctest */,
				75C07E6A1EE30C4400FE6C3A /* 仿QQ音乐UITests.xctest */,
			);
			name = Products;
			sourceTree = "<group>";
		};
		75C07E451EE30C4400FE6C3A /* 仿QQ音乐 */ = {
			isa = PBXGroup;
			children = (
				7575BF8A1EE3972600D1DD4B /* Classes */,
				75C07E521EE30C4400FE6C3A /* _QQ__.xcdatamodeld */,
				75C07E461EE30C4400FE6C3A /* Supporting Files */,
			);
			path = "仿QQ音乐";
			sourceTree = "<group>";
		};
		75C07E461EE30C4400FE6C3A /* Supporting Files */ = {
			isa = PBXGroup;
			children = (
				7575BFA61EE3986B00D1DD4B /* Info.plist */,
				75C07E801EE30DEC00FE6C3A /* Resources */,
			);
			name = "Supporting Files";
			sourceTree = "<group>";
		};
		75C07E621EE30C4400FE6C3A /* 仿QQ音乐Tests */ = {
			isa = PBXGroup;
			children = (
				75C07E631EE30C4400FE6C3A /* _QQ__Tests.m */,
				75C07E651EE30C4400FE6C3A /* Info.plist */,
			);
			path = "仿QQ音乐Tests";
			sourceTree = "<group>";
		};
		75C07E6D1EE30C4400FE6C3A /* 仿QQ音乐UITests */ = {
			isa = PBXGroup;
			children = (
				75C07E6E1EE30C4400FE6C3A /* _QQ__UITests.m */,
				75C07E701EE30C4400FE6C3A /* Info.plist */,
			);
			path = "仿QQ音乐UITests";
			sourceTree = "<group>";
		};
		75C07E801EE30DEC00FE6C3A /* Resources */ = {
			isa = PBXGroup;
			children = (
				75C07E811EE30DEC00FE6C3A /* Images */,
				75C07E961EE30DEC00FE6C3A /* Lrcs */,
				75C07EA11EE30DEC00FE6C3A /* MP3s */,
				75C07EAC1EE30DEC00FE6C3A /* Musics.plist */,
			);
			path = Resources;
			sourceTree = "<group>";
		};
		75C07E811EE30DEC00FE6C3A /* Images */ = {
			isa = PBXGroup;
			children = (
				75C07E821EE30DEC00FE6C3A /* bb@2x.jpg */,
				75C07E831EE30DEC00FE6C3A /* bb_icon@2x.jpg */,
				75C07E841EE30DEC00FE6C3A /* dzq@2x.jpg */,
				75C07E851EE30DEC00FE6C3A /* dzq_icon@2x.jpg */,
				75C07E861EE30DEC00FE6C3A /* eason@2x.jpg */,
				75C07E871EE30DEC00FE6C3A /* eason_icon@2x.jpg */,
				75C07E881EE30DEC00FE6C3A /* jay@2x.jpg */,
				75C07E891EE30DEC00FE6C3A /* jay_icon@2x.png */,
				75C07E8A1EE30DEC00FE6C3A /* jj@2x.jpg */,
				75C07E8B1EE30DEC00FE6C3A /* jj_icon@2x.png */,
				75C07E8C1EE30DEC00FE6C3A /* kzxd@2x.jpg */,
				75C07E8D1EE30DEC00FE6C3A /* kzxd_icon@2x.jpg */,
				75C07E8E1EE30DEC00FE6C3A /* lkq@2x.jpg */,
				75C07E8F1EE30DEC00FE6C3A /* lkq_icon@2x.jpg */,
				75C07E901EE30DEC00FE6C3A /* nanquan@2x.jpg */,
				75C07E911EE30DEC00FE6C3A /* nanquan_icon@2x.jpg */,
				75C07E921EE30DEC00FE6C3A /* wf@2x.jpg */,
				75C07E931EE30DEC00FE6C3A /* wf_icon@2x.jpg */,
				75C07E941EE30DEC00FE6C3A /* zxy@2x.jpg */,
				75C07E951EE30DEC00FE6C3A /* zxy_icon@2x.jpg */,
			);
			path = Images;
			sourceTree = "<group>";
		};
		75C07E961EE30DEC00FE6C3A /* Lrcs */ = {
			isa = PBXGroup;
			children = (
				75C07E971EE30DEC00FE6C3A /* 10405520.lrc */,
				75C07E981EE30DEC00FE6C3A /* 10736444.lrc */,
				75C07E991EE30DEC00FE6C3A /* 120125029.lrc */,
				75C07E9A1EE30DEC00FE6C3A /* 12309111.lrc */,
				75C07E9B1EE30DEC00FE6C3A /* 14945107.lrc */,
				75C07E9C1EE30DEC00FE6C3A /* 235319.lrc */,
				75C07E9D1EE30DEC00FE6C3A /* 255319.lrc */,
				75C07E9E1EE30DEC00FE6C3A /* 309769.lrc */,
				75C07E9F1EE30DEC00FE6C3A /* 339744.lrc */,
				75C07EA01EE30DEC00FE6C3A /* 月半小夜曲.lrc */,
			);
			path = Lrcs;
			sourceTree = "<group>";
		};
		75C07EA11EE30DEC00FE6C3A /* MP3s */ = {
			isa = PBXGroup;
			children = (
				75C07EA21EE30DEC00FE6C3A /* 10405520.mp3 */,
				75C07EA31EE30DEC00FE6C3A /* 10736444.mp3 */,
				75C07EA41EE30DEC00FE6C3A /* 1201111234.mp3 */,
				75C07EA51EE30DEC00FE6C3A /* 120125029.mp3 */,
				75C07EA61EE30DEC00FE6C3A /* 12309111.mp3 */,
				75C07EA71EE30DEC00FE6C3A /* 14945107.mp3 */,
				75C07EA81EE30DEC00FE6C3A /* 235319.mp3 */,
				75C07EA91EE30DEC00FE6C3A /* 255319.mp3 */,
				75C07EAA1EE30DEC00FE6C3A /* 309769.mp3 */,
				75C07EAB1EE30DEC00FE6C3A /* 339744.mp3 */,
			);
			path = MP3s;
			sourceTree = "<group>";
		};
/* End PBXGroup section */

/* Begin PBXNativeTarget section */
		75C07E421EE30C4400FE6C3A /* 仿QQ音乐 */ = {
			isa = PBXNativeTarget;
			buildConfigurationList = 75C07E731EE30C4400FE6C3A /* Build configuration list for PBXNativeTarget "仿QQ音乐" */;
			buildPhases = (
				75C07E3F1EE30C4400FE6C3A /* Sources */,
				75C07E401EE30C4400FE6C3A /* Frameworks */,
				75C07E411EE30C4400FE6C3A /* Resources */,
			);
			buildRules = (
			);
			dependencies = (
			);
			name = "仿QQ音乐";
			productName = "仿QQ音乐";
			productReference = 75C07E431EE30C4400FE6C3A /* 仿QQ音乐.app */;
			productType = "com.apple.product-type.application";
		};
		75C07E5E1EE30C4400FE6C3A /* 仿QQ音乐Tests */ = {
			isa = PBXNativeTarget;
			buildConfigurationList = 75C07E761EE30C4400FE6C3A /* Build configuration list for PBXNativeTarget "仿QQ音乐Tests" */;
			buildPhases = (
				75C07E5B1EE30C4400FE6C3A /* Sources */,
				75C07E5C1EE30C4400FE6C3A /* Frameworks */,
				75C07E5D1EE30C4400FE6C3A /* Resources */,
			);
			buildRules = (
			);
			dependencies = (
				75C07E611EE30C4400FE6C3A /* PBXTargetDependency */,
			);
			name = "仿QQ音乐Tests";
			productName = "仿QQ音乐Tests";
			productReference = 75C07E5F1EE30C4400FE6C3A /* 仿QQ音乐Tests.xctest */;
			productType = "com.apple.product-type.bundle.unit-test";
		};
		75C07E691EE30C4400FE6C3A /* 仿QQ音乐UITests */ = {
			isa = PBXNativeTarget;
			buildConfigurationList = 75C07E791EE30C4400FE6C3A /* Build configuration list for PBXNativeTarget "仿QQ音乐UITests" */;
			buildPhases = (
				75C07E661EE30C4400FE6C3A /* Sources */,
				75C07E671EE30C4400FE6C3A /* Frameworks */,
				75C07E681EE30C4400FE6C3A /* Resources */,
			);
			buildRules = (
			);
			dependencies = (
				75C07E6C1EE30C4400FE6C3A /* PBXTargetDependency */,
			);
			name = "仿QQ音乐UITests";
			productName = "仿QQ音乐UITests";
			productReference = 75C07E6A1EE30C4400FE6C3A /* 仿QQ音乐UITests.xctest */;
			productType = "com.apple.product-type.bundle.ui-testing";
		};
/* End PBXNativeTarget section */

/* Begin PBXProject section */
		75C07E3B1EE30C4400FE6C3A /* Project object */ = {
			isa = PBXProject;
			attributes = {
				LastUpgradeCheck = 0830;
				ORGANIZATIONNAME = yejunyou;
				TargetAttributes = {
					75C07E421EE30C4400FE6C3A = {
						CreatedOnToolsVersion = 8.3;
						DevelopmentTeam = CZD89388LH;
						ProvisioningStyle = Automatic;
					};
					75C07E5E1EE30C4400FE6C3A = {
						CreatedOnToolsVersion = 8.3;
						DevelopmentTeam = CZD89388LH;
						ProvisioningStyle = Automatic;
						TestTargetID = 75C07E421EE30C4400FE6C3A;
					};
					75C07E691EE30C4400FE6C3A = {
						CreatedOnToolsVersion = 8.3;
						DevelopmentTeam = CZD89388LH;
						ProvisioningStyle = Automatic;
						TestTargetID = 75C07E421EE30C4400FE6C3A;
					};
				};
			};
			buildConfigurationList = 75C07E3E1EE30C4400FE6C3A /* Build configuration list for PBXProject "仿QQ音乐" */;
			compatibilityVersion = "Xcode 3.2";
			developmentRegion = English;
			hasScannedForEncodings = 0;
			knownRegions = (
				en,
				Base,
			);
			mainGroup = 75C07E3A1EE30C4400FE6C3A;
			productRefGroup = 75C07E441EE30C4400FE6C3A /* Products */;
			projectDirPath = "";
			projectRoot = "";
			targets = (
				75C07E421EE30C4400FE6C3A /* 仿QQ音乐 */,
				75C07E5E1EE30C4400FE6C3A /* 仿QQ音乐Tests */,
				75C07E691EE30C4400FE6C3A /* 仿QQ音乐UITests */,
			);
		};
/* End PBXProject section */

/* Begin PBXResourcesBuildPhase section */
		75C07E411EE30C4400FE6C3A /* Resources */ = {
			isa = PBXResourcesBuildPhase;
			buildActionMask = 2147483647;
			files = (
				75C07EC71EE30DEC00FE6C3A /* 255319.lrc in Resources */,
				75C07EC21EE30DEC00FE6C3A /* 10736444.lrc in Resources */,
				75C07ECF1EE30DEC00FE6C3A /* 12309111.mp3 in Resources */,
				75C07EBC1EE30DEC00FE6C3A /* nanquan_icon@2x.jpg in Resources */,
				7575BF9F1EE397A800D1DD4B /* Assets.xcassets in Resources */,
				75C07EB61EE30DEC00FE6C3A /* jj_icon@2x.png in Resources */,
				75C07ECD1EE30DEC00FE6C3A /* 1201111234.mp3 in Resources */,
				75C07ED51EE30DEC00FE6C3A /* Musics.plist in Resources */,
				75C07ECC1EE30DEC00FE6C3A /* 10736444.mp3 in Resources */,
				75C07EB41EE30DEC00FE6C3A /* jay_icon@2x.png in Resources */,
				75C07ED01EE30DEC00FE6C3A /* 14945107.mp3 in Resources */,
				75C07EAE1EE30DEC00FE6C3A /* bb_icon@2x.jpg in Resources */,
				75C07EC11EE30DEC00FE6C3A /* 10405520.lrc in Resources */,
				75C07EB81EE30DEC00FE6C3A /* kzxd_icon@2x.jpg in Resources */,
				75C07EB31EE30DEC00FE6C3A /* jay@2x.jpg in Resources */,
				75C07EC01EE30DEC00FE6C3A /* zxy_icon@2x.jpg in Resources */,
				7575BFA01EE397A800D1DD4B /* LaunchScreen.storyboard in Resources */,
				75C07ED21EE30DEC00FE6C3A /* 255319.mp3 in Resources */,
				75C07EBD1EE30DEC00FE6C3A /* wf@2x.jpg in Resources */,
				75C07EAF1EE30DEC00FE6C3A /* dzq@2x.jpg in Resources */,
				75C07EBE1EE30DEC00FE6C3A /* wf_icon@2x.jpg in Resources */,
				75C07EB21EE30DEC00FE6C3A /* eason_icon@2x.jpg in Resources */,
				75C07ECE1EE30DEC00FE6C3A /* 120125029.mp3 in Resources */,
				75C07ECB1EE30DEC00FE6C3A /* 10405520.mp3 in Resources */,
				75C07EB71EE30DEC00FE6C3A /* kzxd@2x.jpg in Resources */,
				75C07EBA1EE30DEC00FE6C3A /* lkq_icon@2x.jpg in Resources */,
				75C07ED11EE30DEC00FE6C3A /* 235319.mp3 in Resources */,
				7575BFA11EE397A800D1DD4B /* Main.storyboard in Resources */,
				75C07EC41EE30DEC00FE6C3A /* 12309111.lrc in Resources */,
				75C07EB51EE30DEC00FE6C3A /* jj@2x.jpg in Resources */,
				75C07EBF1EE30DEC00FE6C3A /* zxy@2x.jpg in Resources */,
				75C07EB11EE30DEC00FE6C3A /* eason@2x.jpg in Resources */,
				75C07EB91EE30DEC00FE6C3A /* lkq@2x.jpg in Resources */,
				75C07EC81EE30DEC00FE6C3A /* 309769.lrc in Resources */,
				75C07EC91EE30DEC00FE6C3A /* 339744.lrc in Resources */,
				75C07ECA1EE30DEC00FE6C3A /* 月半小夜曲.lrc in Resources */,
				75C07EB01EE30DEC00FE6C3A /* dzq_icon@2x.jpg in Resources */,
				75C07EC51EE30DEC00FE6C3A /* 14945107.lrc in Resources */,
				7575BFA71EE3986B00D1DD4B /* Info.plist in Resources */,
				75C07ED31EE30DEC00FE6C3A /* 309769.mp3 in Resources */,
				75C07EC31EE30DEC00FE6C3A /* 120125029.lrc in Resources */,
				75C07EAD1EE30DEC00FE6C3A /* bb@2x.jpg in Resources */,
				75C07EC61EE30DEC00FE6C3A /* 235319.lrc in Resources */,
				75C07EBB1EE30DEC00FE6C3A /* nanquan@2x.jpg in Resources */,
				75C07ED41EE30DEC00FE6C3A /* 339744.mp3 in Resources */,
			);
			runOnlyForDeploymentPostprocessing = 0;
		};
		75C07E5D1EE30C4400FE6C3A /* Resources */ = {
			isa = PBXResourcesBuildPhase;
			buildActionMask = 2147483647;
			files = (
			);
			runOnlyForDeploymentPostprocessing = 0;
		};
		75C07E681EE30C4400FE6C3A /* Resources */ = {
			isa = PBXResourcesBuildPhase;
			buildActionMask = 2147483647;
			files = (
			);
			runOnlyForDeploymentPostprocessing = 0;
		};
/* End PBXResourcesBuildPhase section */

/* Begin PBXSourcesBuildPhase section */
		75C07E3F1EE30C4400FE6C3A /* Sources */ = {
			isa = PBXSourcesBuildPhase;
			buildActionMask = 2147483647;
			files = (
				75C07E541EE30C4400FE6C3A /* _QQ__.xcdatamodeld in Sources */,
				7575BFAA1EE398A600D1DD4B /* UIView+FrameAdjust.m in Sources */,
				7575BF931EE3975200D1DD4B /* YYPlayingViewController.m in Sources */,
				7575BFA31EE397A800D1DD4B /* main.m in Sources */,
				7575BF9E1EE397A800D1DD4B /* AppDelegate.m in Sources */,
			);
			runOnlyForDeploymentPostprocessing = 0;
		};
		75C07E5B1EE30C4400FE6C3A /* Sources */ = {
			isa = PBXSourcesBuildPhase;
			buildActionMask = 2147483647;
			files = (
				75C07E641EE30C4400FE6C3A /* _QQ__Tests.m in Sources */,
			);
			runOnlyForDeploymentPostprocessing = 0;
		};
		75C07E661EE30C4400FE6C3A /* Sources */ = {
			isa = PBXSourcesBuildPhase;
			buildActionMask = 2147483647;
			files = (
				75C07E6F1EE30C4400FE6C3A /* _QQ__UITests.m in Sources */,
			);
			runOnlyForDeploymentPostprocessing = 0;
		};
/* End PBXSourcesBuildPhase section */

/* Begin PBXTargetDependency section */
		75C07E611EE30C4400FE6C3A /* PBXTargetDependency */ = {
			isa = PBXTargetDependency;
			target = 75C07E421EE30C4400FE6C3A /* 仿QQ音乐 */;
			targetProxy = 75C07E601EE30C4400FE6C3A /* PBXContainerItemProxy */;
		};
		75C07E6C1EE30C4400FE6C3A /* PBXTargetDependency */ = {
			isa = PBXTargetDependency;
			target = 75C07E421EE30C4400FE6C3A /* 仿QQ音乐 */;
			targetProxy = 75C07E6B1EE30C4400FE6C3A /* PBXContainerItemProxy */;
		};
/* End PBXTargetDependency section */

/* Begin PBXVariantGroup section */
		7575BF981EE397A800D1DD4B /* LaunchScreen.storyboard */ = {
			isa = PBXVariantGroup;
			children = (
				7575BF991EE397A800D1DD4B /* Base */,
			);
			name = LaunchScreen.storyboard;
			sourceTree = "<group>";
		};
		7575BF9A1EE397A800D1DD4B /* Main.storyboard */ = {
			isa = PBXVariantGroup;
			children = (
				7575BF9B1EE397A800D1DD4B /* Base */,
			);
			name = Main.storyboard;
			sourceTree = "<group>";
		};
/* End PBXVariantGroup section */

/* Begin XCBuildConfiguration section */
		75C07E711EE30C4400FE6C3A /* Debug */ = {
			isa = XCBuildConfiguration;
			buildSettings = {
				ALWAYS_SEARCH_USER_PATHS = NO;
				CLANG_ANALYZER_NONNULL = YES;
				CLANG_ANALYZER_NUMBER_OBJECT_CONVERSION = YES_AGGRESSIVE;
				CLANG_CXX_LANGUAGE_STANDARD = "gnu++0x";
				CLANG_CXX_LIBRARY = "libc++";
				CLANG_ENABLE_MODULES = YES;
				CLANG_ENABLE_OBJC_ARC = YES;
				CLANG_WARN_BOOL_CONVERSION = YES;
				CLANG_WARN_CONSTANT_CONVERSION = YES;
				CLANG_WARN_DIRECT_OBJC_ISA_USAGE = YES_ERROR;
				CLANG_WARN_DOCUMENTATION_COMMENTS = YES;
				CLANG_WARN_EMPTY_BODY = YES;
				CLANG_WARN_ENUM_CONVERSION = YES;
				CLANG_WARN_INFINITE_RECURSION = YES;
				CLANG_WARN_INT_CONVERSION = YES;
				CLANG_WARN_OBJC_ROOT_CLASS = YES_ERROR;
				CLANG_WARN_SUSPICIOUS_MOVE = YES;
				CLANG_WARN_UNREACHABLE_CODE = YES;
				CLANG_WARN__DUPLICATE_METHOD_MATCH = YES;
				"CODE_SIGN_IDENTITY[sdk=iphoneos*]" = "iPhone Developer";
				COPY_PHASE_STRIP = NO;
				DEBUG_INFORMATION_FORMAT = dwarf;
				ENABLE_STRICT_OBJC_MSGSEND = YES;
				ENABLE_TESTABILITY = YES;
				GCC_C_LANGUAGE_STANDARD = gnu99;
				GCC_DYNAMIC_NO_PIC = NO;
				GCC_NO_COMMON_BLOCKS = YES;
				GCC_OPTIMIZATION_LEVEL = 0;
				GCC_PREPROCESSOR_DEFINITIONS = (
					"DEBUG=1",
					"$(inherited)",
				);
				GCC_WARN_64_TO_32_BIT_CONVERSION = YES;
				GCC_WARN_ABOUT_RETURN_TYPE = YES_ERROR;
				GCC_WARN_UNDECLARED_SELECTOR = YES;
				GCC_WARN_UNINITIALIZED_AUTOS = YES_AGGRESSIVE;
				GCC_WARN_UNUSED_FUNCTION = YES;
				GCC_WARN_UNUSED_VARIABLE = YES;
				IPHONEOS_DEPLOYMENT_TARGET = 10.3;
				MTL_ENABLE_DEBUG_INFO = YES;
				ONLY_ACTIVE_ARCH = YES;
				SDKROOT = iphoneos;
			};
			name = Debug;
		};
		75C07E721EE30C4400FE6C3A /* Release */ = {
			isa = XCBuildConfiguration;
			buildSettings = {
				ALWAYS_SEARCH_USER_PATHS = NO;
				CLANG_ANALYZER_NONNULL = YES;
				CLANG_ANALYZER_NUMBER_OBJECT_CONVERSION = YES_AGGRESSIVE;
				CLANG_CXX_LANGUAGE_STANDARD = "gnu++0x";
				CLANG_CXX_LIBRARY = "libc++";
				CLANG_ENABLE_MODULES = YES;
				CLANG_ENABLE_OBJC_ARC = YES;
				CLANG_WARN_BOOL_CONVERSION = YES;
				CLANG_WARN_CONSTANT_CONVERSION = YES;
				CLANG_WARN_DIRECT_OBJC_ISA_USAGE = YES_ERROR;
				CLANG_WARN_DOCUMENTATION_COMMENTS = YES;
				CLANG_WARN_EMPTY_BODY = YES;
				CLANG_WARN_ENUM_CONVERSION = YES;
				CLANG_WARN_INFINITE_RECURSION = YES;
				CLANG_WARN_INT_CONVERSION = YES;
				CLANG_WARN_OBJC_ROOT_CLASS = YES_ERROR;
				CLANG_WARN_SUSPICIOUS_MOVE = YES;
				CLANG_WARN_UNREACHABLE_CODE = YES;
				CLANG_WARN__DUPLICATE_METHOD_MATCH = YES;
				"CODE_SIGN_IDENTITY[sdk=iphoneos*]" = "iPhone Developer";
				COPY_PHASE_STRIP = NO;
				DEBUG_INFORMATION_FORMAT = "dwarf-with-dsym";
				ENABLE_NS_ASSERTIONS = NO;
				ENABLE_STRICT_OBJC_MSGSEND = YES;
				GCC_C_LANGUAGE_STANDARD = gnu99;
				GCC_NO_COMMON_BLOCKS = YES;
				GCC_WARN_64_TO_32_BIT_CONVERSION = YES;
				GCC_WARN_ABOUT_RETURN_TYPE = YES_ERROR;
				GCC_WARN_UNDECLARED_SELECTOR = YES;
				GCC_WARN_UNINITIALIZED_AUTOS = YES_AGGRESSIVE;
				GCC_WARN_UNUSED_FUNCTION = YES;
				GCC_WARN_UNUSED_VARIABLE = YES;
				IPHONEOS_DEPLOYMENT_TARGET = 10.3;
				MTL_ENABLE_DEBUG_INFO = NO;
				SDKROOT = iphoneos;
				VALIDATE_PRODUCT = YES;
			};
			name = Release;
		};
		75C07E741EE30C4400FE6C3A /* Debug */ = {
			isa = XCBuildConfiguration;
			buildSettings = {
				ASSETCATALOG_COMPILER_APPICON_NAME = AppIcon;
				DEVELOPMENT_TEAM = CZD89388LH;
				EXECUTABLE_PREFIX = "";
				GCC_PREFIX_HEADER = "";
				INFOPLIST_FILE = "仿QQ音乐/Info.plist";
				LD_RUNPATH_SEARCH_PATHS = "$(inherited) @executable_path/Frameworks";
				PRODUCT_BUNDLE_IDENTIFIER = "Future-Version.-QQ--";
				PRODUCT_NAME = "$(TARGET_NAME)";
			};
			name = Debug;
		};
		75C07E751EE30C4400FE6C3A /* Release */ = {
			isa = XCBuildConfiguration;
			buildSettings = {
				ASSETCATALOG_COMPILER_APPICON_NAME = AppIcon;
				DEVELOPMENT_TEAM = CZD89388LH;
				EXECUTABLE_PREFIX = "";
				GCC_PREFIX_HEADER = "";
				INFOPLIST_FILE = "仿QQ音乐/Info.plist";
				LD_RUNPATH_SEARCH_PATHS = "$(inherited) @executable_path/Frameworks";
				PRODUCT_BUNDLE_IDENTIFIER = "Future-Version.-QQ--";
				PRODUCT_NAME = "$(TARGET_NAME)";
			};
			name = Release;
		};
		75C07E771EE30C4400FE6C3A /* Debug */ = {
			isa = XCBuildConfiguration;
			buildSettings = {
				BUNDLE_LOADER = "$(TEST_HOST)";
				DEVELOPMENT_TEAM = CZD89388LH;
				INFOPLIST_FILE = "仿QQ音乐Tests/Info.plist";
				LD_RUNPATH_SEARCH_PATHS = "$(inherited) @executable_path/Frameworks @loader_path/Frameworks";
				PRODUCT_BUNDLE_IDENTIFIER = "Future-Version.-QQ--Tests";
				PRODUCT_NAME = "$(TARGET_NAME)";
				TEST_HOST = "$(BUILT_PRODUCTS_DIR)/仿QQ音乐.app/仿QQ音乐";
			};
			name = Debug;
		};
		75C07E781EE30C4400FE6C3A /* Release */ = {
			isa = XCBuildConfiguration;
			buildSettings = {
				BUNDLE_LOADER = "$(TEST_HOST)";
				DEVELOPMENT_TEAM = CZD89388LH;
				INFOPLIST_FILE = "仿QQ音乐Tests/Info.plist";
				LD_RUNPATH_SEARCH_PATHS = "$(inherited) @executable_path/Frameworks @loader_path/Frameworks";
				PRODUCT_BUNDLE_IDENTIFIER = "Future-Version.-QQ--Tests";
				PRODUCT_NAME = "$(TARGET_NAME)";
				TEST_HOST = "$(BUILT_PRODUCTS_DIR)/仿QQ音乐.app/仿QQ音乐";
			};
			name = Release;
		};
		75C07E7A1EE30C4400FE6C3A /* Debug */ = {
			isa = XCBuildConfiguration;
			buildSettings = {
				DEVELOPMENT_TEAM = CZD89388LH;
				INFOPLIST_FILE = "仿QQ音乐UITests/Info.plist";
				LD_RUNPATH_SEARCH_PATHS = "$(inherited) @executable_path/Frameworks @loader_path/Frameworks";
				PRODUCT_BUNDLE_IDENTIFIER = "Future-Version.-QQ--UITests";
				PRODUCT_NAME = "$(TARGET_NAME)";
				TEST_TARGET_NAME = "仿QQ音乐";
			};
			name = Debug;
		};
		75C07E7B1EE30C4400FE6C3A /* Release */ = {
			isa = XCBuildConfiguration;
			buildSettings = {
				DEVELOPMENT_TEAM = CZD89388LH;
				INFOPLIST_FILE = "仿QQ音乐UITests/Info.plist";
				LD_RUNPATH_SEARCH_PATHS = "$(inherited) @executable_path/Frameworks @loader_path/Frameworks";
				PRODUCT_BUNDLE_IDENTIFIER = "Future-Version.-QQ--UITests";
				PRODUCT_NAME = "$(TARGET_NAME)";
				TEST_TARGET_NAME = "仿QQ音乐";
			};
			name = Release;
		};
/* End XCBuildConfiguration section */

/* Begin XCConfigurationList section */
		75C07E3E1EE30C4400FE6C3A /* Build configuration list for PBXProject "仿QQ音乐" */ = {
			isa = XCConfigurationList;
			buildConfigurations = (
				75C07E711EE30C4400FE6C3A /* Debug */,
				75C07E721EE30C4400FE6C3A /* Release */,
			);
			defaultConfigurationIsVisible = 0;
			defaultConfigurationName = Release;
		};
		75C07E731EE30C4400FE6C3A /* Build configuration list for PBXNativeTarget "仿QQ音乐" */ = {
			isa = XCConfigurationList;
			buildConfigurations = (
				75C07E741EE30C4400FE6C3A /* Debug */,
				75C07E751EE30C4400FE6C3A /* Release */,
			);
			defaultConfigurationIsVisible = 0;
			defaultConfigurationName = Release;
		};
		75C07E761EE30C4400FE6C3A /* Build configuration list for PBXNativeTarget "仿QQ音乐Tests" */ = {
			isa = XCConfigurationList;
			buildConfigurations = (
				75C07E771EE30C4400FE6C3A /* Debug */,
				75C07E781EE30C4400FE6C3A /* Release */,
			);
			defaultConfigurationIsVisible = 0;
			defaultConfigurationName = Release;
		};
		75C07E791EE30C4400FE6C3A /* Build configuration list for PBXNativeTarget "仿QQ音乐UITests" */ = {
			isa = XCConfigurationList;
			buildConfigurations = (
				75C07E7A1EE30C4400FE6C3A /* Debug */,
				75C07E7B1EE30C4400FE6C3A /* Release */,
			);
			defaultConfigurationIsVisible = 0;
			defaultConfigurationName = Release;
		};
/* End XCConfigurationList section */

/* Begin XCVersionGroup section */
		75C07E521EE30C4400FE6C3A /* _QQ__.xcdatamodeld */ = {
			isa = XCVersionGroup;
			children = (
				75C07E531EE30C4400FE6C3A /* _QQ__.xcdatamodel */,
			);
			currentVersion = 75C07E531EE30C4400FE6C3A /* _QQ__.xcdatamodel */;
			path = _QQ__.xcdatamodeld;
			sourceTree = "<group>";
			versionGroupType = wrapper.xcdatamodel;
		};
/* End XCVersionGroup section */
	};
	rootObject = 75C07E3B1EE30C4400FE6C3A /* Project object */;
}
